
Microsoft Visual Studio Solution File, Format Version 12.00
Project("{FAE04EC0-301F-11D3-BF4B-00C04F79EFBC}") = "AElf.WebServer", "AElf.WebServer\AElf.WebServer.csproj", "{3D363ABD-7556-4FF4-88E6-8C4DD4DFE020}"
EndProject
Global
	GlobalSection(SolutionConfigurationPlatforms) = preSolution
		Debug|Any CPU = Debug|Any CPU
		Release|Any CPU = Release|Any CPU
	EndGlobalSection
	GlobalSection(ProjectConfigurationPlatforms) = postSolution
		{3D363ABD-7556-4FF4-88E6-8C4DD4DFE020}.Debug|Any CPU.ActiveCfg = Debug|Any CPU
		{3D363ABD-7556-4FF4-88E6-8C4DD4DFE020}.Debug|Any CPU.Build.0 = Debug|Any CPU
		{3D363ABD-7556-4FF4-88E6-8C4DD4DFE020}.Release|Any CPU.ActiveCfg = Release|Any CPU
		{3D363ABD-7556-4FF4-88E6-8C4DD4DFE020}.Release|Any CPU.Build.0 = Release|Any CPU
	EndGlobalSection
EndGlobal
